Microsoft Visual Studio Solution File, Format Version 12.00
# Visual Studio Version 17
VisualStudioVersion = 17.5.2.0
MinimumVisualStudioVersion = 10.0.40219.1
Project("{FAE04EC0-301F-11D3-BF4B-00C04F79EFBC}") = "MyWebAppPublish", "MyWebAppPublish.csproj", "{ECAB24A1-9782-9845-52F6-32AD53B01472}"
EndProject
Global
	GlobalSection(SolutionConfigurationPlatforms) = preSolution
		Debug|Any CPU = Debug|Any CPU
		Release|Any CPU = Release|Any CPU
	EndGlobalSection
	GlobalSection(ProjectConfigurationPlatforms) = postSolution
		{ECAB24A1-9782-9845-52F6-32AD53B01472}.Debug|Any CPU.ActiveCfg = Debug|Any CPU
		{ECAB24A1-9782-9845-52F6-32AD53B01472}.Debug|Any CPU.Build.0 = Debug|Any CPU
		{ECAB24A1-9782-9845-52F6-32AD53B01472}.Release|Any CPU.ActiveCfg = Release|Any CPU
		{ECAB24A1-9782-9845-52F6-32AD53B01472}.Release|Any CPU.Build.0 = Release|Any CPU
	EndGlobalSection
	GlobalSection(SolutionProperties) = preSolution
		HideSolutionNode = FALSE
	EndGlobalSection
	GlobalSection(ExtensibilityGlobals) = postSolution
		SolutionGuid = {4AB76063-3BF4-49F4-B134-51424AFCFFF1}
	EndGlobalSection
EndGlobal
